// !$*UTF8*$!
{
	archiveVersion = 1;
	classes = {
	};
	objectVersion = 46;
	objects = {

/* Begin PBXBuildFile section */
		841AAADC1D40B4EC0044F294 /* AppDelegate.swift in Sources */ = {isa = PBXBuildFile; fileRef = 841AAADB1D40B4EC0044F294 /* AppDelegate.swift */; };
		841AAADE1D40B4EC0044F294 /* ViewController.swift in Sources */ = {isa = PBXBuildFile; fileRef = 841AAADD1D40B4EC0044F294 /* ViewController.swift */; };
		841AAAE11D40B4EC0044F294 /* Main.storyboard in Resources */ = {isa = PBXBuildFile; fileRef = 841AAADF1D40B4EC0044F294 /* Main.storyboard */; };
		841AAAE31D40B4EC0044F294 /* Assets.xcassets in Resources */ = {isa = PBXBuildFile; fileRef = 841AAAE21D40B4EC0044F294 /* Assets.xcassets */; };
		841AAAE61D40B4EC0044F294 /* LaunchScreen.storyboard in Resources */ = {isa = PBXBuildFile; fileRef = 841AAAE41D40B4EC0044F294 /* LaunchScreen.storyboard */; };
		841AAAF11D40B4EC0044F294 /* NetEaseTests.swift in Sources */ = {isa = PBXBuildFile; fileRef = 841AAAF01D40B4EC0044F294 /* NetEaseTests.swift */; };
		841AAAFC1D40B4EC0044F294 /* NetEaseUITests.swift in Sources */ = {isa = PBXBuildFile; fileRef = 841AAAFB1D40B4EC0044F294 /* NetEaseUITests.swift */; };
/* End PBXBuildFile section */

/* Begin PBXContainerItemProxy section */
		841AAAED1D40B4EC0044F294 /* PBXContainerItemProxy */ = {
			isa = PBXContainerItemProxy;
			containerPortal = 841AAAD01D40B4EC0044F294 /* Project object */;
			proxyType = 1;
			remoteGlobalIDString = 841AAAD71D40B4EC0044F294;
			remoteInfo = NetEase;
		};
		841AAAF81D40B4EC0044F294 /* PBXContainerItemProxy */ = {
			isa = PBXContainerItemProxy;
			containerPortal = 841AAAD01D40B4EC0044F294 /* Project object */;
			proxyType = 1;
			remoteGlobalIDString = 841AAAD71D40B4EC0044F294;
			remoteInfo = NetEase;
		};
/* End PBXContainerItemProxy section */

/* Begin PBXFileReference section */
		841AAAD81D40B4EC0044F294 /* NetEase.app */ = {isa = PBXFileReference; explicitFileType = wrapper.application; includeInIndex = 0; path = NetEase.app; sourceTree = BUILT_PRODUCTS_DIR; };
		841AAADB1D40B4EC0044F294 /* AppDelegate.swift */ = {isa = PBXFileReference; lastKnownFileType = sourcecode.swift; path = AppDelegate.swift; sourceTree = "<group>"; };
		841AAADD1D40B4EC0044F294 /* ViewController.swift */ = {isa = PBXFileReference; lastKnownFileType = sourcecode.swift; path = ViewController.swift; sourceTree = "<group>"; };
		841AAAE01D40B4EC0044F294 /* Base */ = {isa = PBXFileReference; lastKnownFileType = file.storyboard; name = Base; path = Base.lproj/Main.storyboard; sourceTree = "<group>"; };
		841AAAE21D40B4EC0044F294 /* Assets.xcassets */ = {isa = PBXFileReference; lastKnownFileType = folder.assetcatalog; path = Assets.xcassets; sourceTree = "<group>"; };
		841AAAE51D40B4EC0044F294 /* Base */ = {isa = PBXFileReference; lastKnownFileType = file.storyboard; name = Base; path = Base.lproj/LaunchScreen.storyboard; sourceTree = "<group>"; };
		841AAAE71D40B4EC0044F294 /* Info.plist */ = {isa = PBXFileReference; lastKnownFileType = text.plist.xml; path = Info.plist; sourceTree = "<group>"; };
		841AAAEC1D40B4EC0044F294 /* NetEaseTests.xctest */ = {isa = PBXFileReference; explicitFileType = wrapper.cfbundle; includeInIndex = 0; path = NetEaseTests.xctest; sourceTree = BUILT_PRODUCTS_DIR; };
		841AAAF01D40B4EC0044F294 /* NetEaseTests.swift */ = {isa = PBXFileReference; lastKnownFileType = sourcecode.swift; path = NetEaseTests.swift; sourceTree = "<group>"; };
		841AAAF21D40B4EC0044F294 /* Info.plist */ = {isa = PBXFileReference; lastKnownFileType = text.plist.xml; path = Info.plist; sourceTree = "<group>"; };
		841AAAF71D40B4EC0044F294 /* NetEaseUITests.xctest */ = {isa = PBXFileReference; explicitFileType = wrapper.cfbundle; includeInIndex = 0; path = NetEaseUITests.xctest; sourceTree = BUILT_PRODUCTS_DIR; };
		841AAAFB1D40B4EC0044F294 /* NetEaseUITests.swift */ = {isa = PBXFileReference; lastKnownFileType = sourcecode.swift; path = NetEaseUITests.swift; sourceTree = "<group>"; };
		841AAAFD1D40B4ED0044F294 /* Info.plist */ = {isa = PBXFileReference; lastKnownFileType = text.plist.xml; path = Info.plist; sourceTree = "<group>"; };
/* End PBXFileReference section */

/* Begin PBXFrameworksBuildPhase section */
		841AAAD51D40B4EC0044F294 /* Frameworks */ = {
			isa = PBXFrameworksBuildPhase;
			buildActionMask = 2147483647;
			files = (
			);
			runOnlyForDeploymentPostprocessing = 0;
		};
		841AAAE91D40B4EC0044F294 /* Frameworks */ = {
			isa = PBXFrameworksBuildPhase;
			buildActionMask = 2147483647;
			files = (
			);
			runOnlyForDeploymentPostprocessing = 0;
		};
		841AAAF41D40B4EC0044F294 /* Frameworks */ = {
			isa = PBXFrameworksBuildPhase;
			buildActionMask = 2147483647;
			files = (
			);
			runOnlyForDeploymentPostprocessing = 0;
		};
/* End PBXFrameworksBuildPhase section */

/* Begin PBXGroup section */
		841AAACF1D40B4EC0044F294 = {
			isa = PBXGroup;
			children = (
				841AAADA1D40B4EC0044F294 /* NetEase */,
				841AAAEF1D40B4EC0044F294 /* NetEaseTests */,
				841AAAFA1D40B4EC0044F294 /* NetEaseUITests */,
				841AAAD91D40B4EC0044F294 /* Products */,
			);
			sourceTree = "<group>";
		};
		841AAAD91D40B4EC0044F294 /* Products */ = {
			isa = PBXGroup;
			children = (
				841AAAD81D40B4EC0044F294 /* NetEase.app */,
				841AAAEC1D40B4EC0044F294 /* NetEaseTests.xctest */,
				841AAAF71D40B4EC0044F294 /* NetEaseUITests.xctest */,
			);
			name = Products;
			sourceTree = "<group>";
		};
		841AAADA1D40B4EC0044F294 /* NetEase */ = {
			isa = PBXGroup;
			children = (
				841AAB0E1D41F2C10044F294 /* model */,
				841AAB0D1D41F2BA0044F294 /* view */,
				841AAB0B1D41F28A0044F294 /* controller */,
				841AAB0A1D41F2800044F294 /* utils */,
				841AAB091D41F25A0044F294 /* Resources */,
				841AAADB1D40B4EC0044F294 /* AppDelegate.swift */,
				841AAADF1D40B4EC0044F294 /* Main.storyboard */,
				841AAAE21D40B4EC0044F294 /* Assets.xcassets */,
				841AAAE41D40B4EC0044F294 /* LaunchScreen.storyboard */,
			);
			path = NetEase;
			sourceTree = "<group>";
		};
		841AAAEF1D40B4EC0044F294 /* NetEaseTests */ = {
			isa = PBXGroup;
			children = (
				841AAAF01D40B4EC0044F294 /* NetEaseTests.swift */,
				841AAAF21D40B4EC0044F294 /* Info.plist */,
			);
			path = NetEaseTests;
			sourceTree = "<group>";
		};
		841AAAFA1D40B4EC0044F294 /* NetEaseUITests */ = {
			isa = PBXGroup;
			children = (
				841AAAFB1D40B4EC0044F294 /* NetEaseUITests.swift */,
				841AAAFD1D40B4ED0044F294 /* Info.plist */,
			);
			path = NetEaseUITests;
			sourceTree = "<group>";
		};
		841AAB091D41F25A0044F294 /* Resources */ = {
			isa = PBXGroup;
			children = (
				841AAAE71D40B4EC0044F294 /* Info.plist */,
			);
			name = Resources;
			sourceTree = "<group>";
		};
		841AAB0A1D41F2800044F294 /* utils */ = {
			isa = PBXGroup;
			children = (
			);
			name = utils;
			sourceTree = "<group>";
		};
		841AAB0B1D41F28A0044F294 /* controller */ = {
			isa = PBXGroup;
			children = (
				841AAB0C1D41F2950044F294 /* main */,
			);
			name = controller;
			sourceTree = "<group>";
		};
		841AAB0C1D41F2950044F294 /* main */ = {
			isa = PBXGroup;
			children = (
				841AAADD1D40B4EC0044F294 /* ViewController.swift */,
			);
			name = main;
			sourceTree = "<group>";
		};
		841AAB0D1D41F2BA0044F294 /* view */ = {
			isa = PBXGroup;
			children = (
			);
			name = view;
			sourceTree = "<group>";
		};
		841AAB0E1D41F2C10044F294 /* model */ = {
			isa = PBXGroup;
			children = (
			);
			name = model;
			sourceTree = "<group>";
		};
/* End PBXGroup section */

/* Begin PBXNativeTarget section */
		841AAAD71D40B4EC0044F294 /* NetEase */ = {
			isa = PBXNativeTarget;
			buildConfigurationList = 841AAB001D40B4ED0044F294 /* Build configuration list for PBXNativeTarget "NetEase" */;
			buildPhases = (
				841AAAD41D40B4EC0044F294 /* Sources */,
				841AAAD51D40B4EC0044F294 /* Frameworks */,
				841AAAD61D40B4EC0044F294 /* Resources */,
			);
			buildRules = (
			);
			dependencies = (
			);
			name = NetEase;
			productName = NetEase;
			productReference = 841AAAD81D40B4EC0044F294 /* NetEase.app */;
			productType = "com.apple.product-type.application";
		};
		841AAAEB1D40B4EC0044F294 /* NetEaseTests */ = {
			isa = PBXNativeTarget;
			buildConfigurationList = 841AAB031D40B4ED0044F294 /* Build configuration list for PBXNativeTarget "NetEaseTests" */;
			buildPhases = (
				841AAAE81D40B4EC0044F294 /* Sources */,
				841AAAE91D40B4EC0044F294 /* Frameworks */,
				841AAAEA1D40B4EC0044F294 /* Resources */,
			);
			buildRules = (
			);
			dependencies = (
				841AAAEE1D40B4EC0044F294 /* PBXTargetDependency */,
			);
			name = NetEaseTests;
			productName = NetEaseTests;
			productReference = 841AAAEC1D40B4EC0044F294 /* NetEaseTests.xctest */;
			productType = "com.apple.product-type.bundle.unit-test";
		};
		841AAAF61D40B4EC0044F294 /* NetEaseUITests */ = {
			isa = PBXNativeTarget;
			buildConfigurationList = 841AAB061D40B4ED0044F294 /* Build configuration list for PBXNativeTarget "NetEaseUITests" */;
			buildPhases = (
				841AAAF31D40B4EC0044F294 /* Sources */,
				841AAAF41D40B4EC0044F294 /* Frameworks */,
				841AAAF51D40B4EC0044F294 /* Resources */,
			);
			buildRules = (
			);
			dependencies = (
				841AAAF91D40B4EC0044F294 /* PBXTargetDependency */,
			);
			name = NetEaseUITests;
			productName = NetEaseUITests;
			productReference = 841AAAF71D40B4EC0044F294 /* NetEaseUITests.xctest */;
			productType = "com.apple.product-type.bundle.ui-testing";
		};
/* End PBXNativeTarget section */

/* Begin PBXProject section */
		841AAAD01D40B4EC0044F294 /* Project object */ = {
			isa = PBXProject;
			attributes = {
				LastSwiftUpdateCheck = 0730;
				LastUpgradeCheck = 0730;
				ORGANIZATIONNAME = pptv;
				TargetAttributes = {
					841AAAD71D40B4EC0044F294 = {
						CreatedOnToolsVersion = 7.3;
					};
					841AAAEB1D40B4EC0044F294 = {
						CreatedOnToolsVersion = 7.3;
						TestTargetID = 841AAAD71D40B4EC0044F294;
					};
					841AAAF61D40B4EC0044F294 = {
						CreatedOnToolsVersion = 7.3;
						TestTargetID = 841AAAD71D40B4EC0044F294;
					};
				};
			};
			buildConfigurationList = 841AAAD31D40B4EC0044F294 /* Build configuration list for PBXProject "NetEase" */;
			compatibilityVersion = "Xcode 3.2";
			developmentRegion = English;
			hasScannedForEncodings = 0;
			knownRegions = (
				en,
				Base,
			);
			mainGroup = 841AAACF1D40B4EC0044F294;
			productRefGroup = 841AAAD91D40B4EC0044F294 /* Products */;
			projectDirPath = "";
			projectRoot = "";
			targets = (
				841AAAD71D40B4EC0044F294 /* NetEase */,
				841AAAEB1D40B4EC0044F294 /* NetEaseTests */,
				841AAAF61D40B4EC0044F294 /* NetEaseUITests */,
			);
		};
/* End PBXProject section */

/* Begin PBXResourcesBuildPhase section */
		841AAAD61D40B4EC0044F294 /* Resources */ = {
			isa = PBXResourcesBuildPhase;
			buildActionMask = 2147483647;
			files = (
				841AAAE61D40B4EC0044F294 /* LaunchScreen.storyboard in Resources */,
				841AAAE31D40B4EC0044F294 /* Assets.xcassets in Resources */,
				841AAAE11D40B4EC0044F294 /* Main.storyboard in Resources */,
			);
			runOnlyForDeploymentPostprocessing = 0;
		};
		841AAAEA1D40B4EC0044F294 /* Resources */ = {
			isa = PBXResourcesBuildPhase;
			buildActionMask = 2147483647;
			files = (
			);
			runOnlyForDeploymentPostprocessing = 0;
		};
		841AAAF51D40B4EC0044F294 /* Resources */ = {
			isa = PBXResourcesBuildPhase;
			buildActionMask = 2147483647;
			files = (
			);
			runOnlyForDeploymentPostprocessing = 0;
		};
/* End PBXResourcesBuildPhase section */

/* Begin PBXSourcesBuildPhase section */
		841AAAD41D40B4EC0044F294 /* Sources */ = {
			isa = PBXSourcesBuildPhase;
			buildActionMask = 2147483647;
			files = (
				841AAADE1D40B4EC0044F294 /* ViewController.swift in Sources */,
				841AAADC1D40B4EC0044F294 /* AppDelegate.swift in Sources */,
			);
			runOnlyForDeploymentPostprocessing = 0;
		};
		841AAAE81D40B4EC0044F294 /* Sources */ = {
			isa = PBXSourcesBuildPhase;
			buildActionMask = 2147483647;
			files = (
				841AAAF11D40B4EC0044F294 /* NetEaseTests.swift in Sources */,
			);
			runOnlyForDeploymentPostprocessing = 0;
		};
		841AAAF31D40B4EC0044F294 /* Sources */ = {
			isa = PBXSourcesBuildPhase;
			buildActionMask = 2147483647;
			files = (
				841AAAFC1D40B4EC0044F294 /* NetEaseUITests.swift in Sources */,
			);
			runOnlyForDeploymentPostprocessing = 0;
		};
/* End PBXSourcesBuildPhase section */

/* Begin PBXTargetDependency section */
		841AAAEE1D40B4EC0044F294 /* PBXTargetDependency */ = {
			isa = PBXTargetDependency;
			target = 841AAAD71D40B4EC0044F294 /* NetEase */;
			targetProxy = 841AAAED1D40B4EC0044F294 /* PBXContainerItemProxy */;
		};
		841AAAF91D40B4EC0044F294 /* PBXTargetDependency */ = {
			isa = PBXTargetDependency;
			target = 841AAAD71D40B4EC0044F294 /* NetEase */;
			targetProxy = 841AAAF81D40B4EC0044F294 /* PBXContainerItemProxy */;
		};
/* End PBXTargetDependency section */

/* Begin PBXVariantGroup section */
		841AAADF1D40B4EC0044F294 /* Main.storyboard */ = {
			isa = PBXVariantGroup;
			children = (
				841AAAE01D40B4EC0044F294 /* Base */,
			);
			name = Main.storyboard;
			sourceTree = "<group>";
		};
		841AAAE41D40B4EC0044F294 /* LaunchScreen.storyboard */ = {
			isa = PBXVariantGroup;
			children = (
				841AAAE51D40B4EC0044F294 /* Base */,
			);
			name = LaunchScreen.storyboard;
			sourceTree = "<group>";
		};
/* End PBXVariantGroup section */

/* Begin XCBuildConfiguration section */
		841AAAFE1D40B4ED0044F294 /* Debug */ = {
			isa = XCBuildConfiguration;
			buildSettings = {
				ALWAYS_SEARCH_USER_PATHS = NO;
				CLANG_ANALYZER_NONNULL = YES;
				CLANG_CXX_LANGUAGE_STANDARD = "gnu++0x";
				CLANG_CXX_LIBRARY = "libc++";
				CLANG_ENABLE_MODULES = YES;
				CLANG_ENABLE_OBJC_ARC = YES;
				CLANG_WARN_BOOL_CONVERSION = YES;
				CLANG_WARN_CONSTANT_CONVERSION = YES;
				CLANG_WARN_DIRECT_OBJC_ISA_USAGE = YES_ERROR;
				CLANG_WARN_EMPTY_BODY = YES;
				CLANG_WARN_ENUM_CONVERSION = YES;
				CLANG_WARN_INT_CONVERSION = YES;
				CLANG_WARN_OBJC_ROOT_CLASS = YES_ERROR;
				CLANG_WARN_UNREACHABLE_CODE = YES;
				CLANG_WARN__DUPLICATE_METHOD_MATCH = YES;
				"CODE_SIGN_IDENTITY[sdk=iphoneos*]" = "iPhone Developer";
				COPY_PHASE_STRIP = NO;
				DEBUG_INFORMATION_FORMAT = dwarf;
				ENABLE_STRICT_OBJC_MSGSEND = YES;
				ENABLE_TESTABILITY = YES;
				GCC_C_LANGUAGE_STANDARD = gnu99;
				GCC_DYNAMIC_NO_PIC = NO;
				GCC_NO_COMMON_BLOCKS = YES;
				GCC_OPTIMIZATION_LEVEL = 0;
				GCC_PREPROCESSOR_DEFINITIONS = (
					"DEBUG=1",
					"$(inherited)",
				);
				GCC_WARN_64_TO_32_BIT_CONVERSION = YES;
				GCC_WARN_ABOUT_RETURN_TYPE = YES_ERROR;
				GCC_WARN_UNDECLARED_SELECTOR = YES;
				GCC_WARN_UNINITIALIZED_AUTOS = YES_AGGRESSIVE;
				GCC_WARN_UNUSED_FUNCTION = YES;
				GCC_WARN_UNUSED_VARIABLE = YES;
				IPHONEOS_DEPLOYMENT_TARGET = 9.3;
				MTL_ENABLE_DEBUG_INFO = YES;
				ONLY_ACTIVE_ARCH = YES;
				SDKROOT = iphoneos;
				SWIFT_OPTIMIZATION_LEVEL = "-Onone";
			};
			name = Debug;
		};
		841AAAFF1D40B4ED0044F294 /* Release */ = {
			isa = XCBuildConfiguration;
			buildSettings = {
				ALWAYS_SEARCH_USER_PATHS = NO;
				CLANG_ANALYZER_NONNULL = YES;
				CLANG_CXX_LANGUAGE_STANDARD = "gnu++0x";
				CLANG_CXX_LIBRARY = "libc++";
				CLANG_ENABLE_MODULES = YES;
				CLANG_ENABLE_OBJC_ARC = YES;
				CLANG_WARN_BOOL_CONVERSION = YES;
				CLANG_WARN_CONSTANT_CONVERSION = YES;
				CLANG_WARN_DIRECT_OBJC_ISA_USAGE = YES_ERROR;
				CLANG_WARN_EMPTY_BODY = YES;
				CLANG_WARN_ENUM_CONVERSION = YES;
				CLANG_WARN_INT_CONVERSION = YES;
				CLANG_WARN_OBJC_ROOT_CLASS = YES_ERROR;
				CLANG_WARN_UNREACHABLE_CODE = YES;
				CLANG_WARN__DUPLICATE_METHOD_MATCH = YES;
				"CODE_SIGN_IDENTITY[sdk=iphoneos*]" = "iPhone Developer";
				COPY_PHASE_STRIP = NO;
				DEBUG_INFORMATION_FORMAT = "dwarf-with-dsym";
				ENABLE_NS_ASSERTIONS = NO;
				ENABLE_STRICT_OBJC_MSGSEND = YES;
				GCC_C_LANGUAGE_STANDARD = gnu99;
				GCC_NO_COMMON_BLOCKS = YES;
				GCC_WARN_64_TO_32_BIT_CONVERSION = YES;
				GCC_WARN_ABOUT_RETURN_TYPE = YES_ERROR;
				GCC_WARN_UNDECLARED_SELECTOR = YES;
				GCC_WARN_UNINITIALIZED_AUTOS = YES_AGGRESSIVE;
				GCC_WARN_UNUSED_FUNCTION = YES;
				GCC_WARN_UNUSED_VARIABLE = YES;
				IPHONEOS_DEPLOYMENT_TARGET = 9.3;
				MTL_ENABLE_DEBUG_INFO = NO;
				SDKROOT = iphoneos;
				VALIDATE_PRODUCT = YES;
			};
			name = Release;
		};
		841AAB011D40B4ED0044F294 /* Debug */ = {
			isa = XCBuildConfiguration;
			buildSettings = {
				ASSETCATALOG_COMPILER_APPICON_NAME = AppIcon;
				INFOPLIST_FILE = NetEase/Info.plist;
				LD_RUNPATH_SEARCH_PATHS = "$(inherited) @executable_path/Frameworks";
				PRODUCT_BUNDLE_IDENTIFIER = com.pptv.NetEase;
				PRODUCT_NAME = "$(TARGET_NAME)";
			};
			name = Debug;
		};
		841AAB021D40B4ED0044F294 /* Release */ = {
			isa = XCBuildConfiguration;
			buildSettings = {
				ASSETCATALOG_COMPILER_APPICON_NAME = AppIcon;
				INFOPLIST_FILE = NetEase/Info.plist;
				LD_RUNPATH_SEARCH_PATHS = "$(inherited) @executable_path/Frameworks";
				PRODUCT_BUNDLE_IDENTIFIER = com.pptv.NetEase;
				PRODUCT_NAME = "$(TARGET_NAME)";
			};
			name = Release;
		};
		841AAB041D40B4ED0044F294 /* Debug */ = {
			isa = XCBuildConfiguration;
			buildSettings = {
				BUNDLE_LOADER = "$(TEST_HOST)";
				INFOPLIST_FILE = NetEaseTests/Info.plist;
				LD_RUNPATH_SEARCH_PATHS = "$(inherited) @executable_path/Frameworks @loader_path/Frameworks";
				PRODUCT_BUNDLE_IDENTIFIER = com.pptv.NetEaseTests;
				PRODUCT_NAME = "$(TARGET_NAME)";
				TEST_HOST = "$(BUILT_PRODUCTS_DIR)/NetEase.app/NetEase";
			};
			name = Debug;
		};
		841AAB051D40B4ED0044F294 /* Release */ = {
			isa = XCBuildConfiguration;
			buildSettings = {
				BUNDLE_LOADER = "$(TEST_HOST)";
				INFOPLIST_FILE = NetEaseTests/Info.plist;
				LD_RUNPATH_SEARCH_PATHS = "$(inherited) @executable_path/Frameworks @loader_path/Frameworks";
				PRODUCT_BUNDLE_IDENTIFIER = com.pptv.NetEaseTests;
				PRODUCT_NAME = "$(TARGET_NAME)";
				TEST_HOST = "$(BUILT_PRODUCTS_DIR)/NetEase.app/NetEase";
			};
			name = Release;
		};
		841AAB071D40B4ED0044F294 /* Debug */ = {
			isa = XCBuildConfiguration;
			buildSettings = {
				INFOPLIST_FILE = NetEaseUITests/Info.plist;
				LD_RUNPATH_SEARCH_PATHS = "$(inherited) @executable_path/Frameworks @loader_path/Frameworks";
				PRODUCT_BUNDLE_IDENTIFIER = com.pptv.NetEaseUITests;
				PRODUCT_NAME = "$(TARGET_NAME)";
				TEST_TARGET_NAME = NetEase;
			};
			name = Debug;
		};
		841AAB081D40B4ED0044F294 /* Release */ = {
			isa = XCBuildConfiguration;
			buildSettings = {
				INFOPLIST_FILE = NetEaseUITests/Info.plist;
				LD_RUNPATH_SEARCH_PATHS = "$(inherited) @executable_path/Frameworks @loader_path/Frameworks";
				PRODUCT_BUNDLE_IDENTIFIER = com.pptv.NetEaseUITests;
				PRODUCT_NAME = "$(TARGET_NAME)";
				TEST_TARGET_NAME = NetEase;
			};
			name = Release;
		};
/* End XCBuildConfiguration section */

/* Begin XCConfigurationList section */
		841AAAD31D40B4EC0044F294 /* Build configuration list for PBXProject "NetEase" */ = {
			isa = XCConfigurationList;
			buildConfigurations = (
				841AAAFE1D40B4ED0044F294 /* Debug */,
				841AAAFF1D40B4ED0044F294 /* Release */,
			);
			defaultConfigurationIsVisible = 0;
			defaultConfigurationName = Release;
		};
		841AAB001D40B4ED0044F294 /* Build configuration list for PBXNativeTarget "NetEase" */ = {
			isa = XCConfigurationList;
			buildConfigurations = (
				841AAB011D40B4ED0044F294 /* Debug */,
				841AAB021D40B4ED0044F294 /* Release */,
			);
			defaultConfigurationIsVisible = 0;
		};
		841AAB031D40B4ED0044F294 /* Build configuration list for PBXNativeTarget "NetEaseTests" */ = {
			isa = XCConfigurationList;
			buildConfigurations = (
				841AAB041D40B4ED0044F294 /* Debug */,
				841AAB051D40B4ED0044F294 /* Release */,
			);
			defaultConfigurationIsVisible = 0;
		};
		841AAB061D40B4ED0044F294 /* Build configuration list for PBXNativeTarget "NetEaseUITests" */ = {
			isa = XCConfigurationList;
			buildConfigurations = (
				841AAB071D40B4ED0044F294 /* Debug */,
				841AAB081D40B4ED0044F294 /* Release */,
			);
			defaultConfigurationIsVisible = 0;
		};
/* End XCConfigurationList section */
	};
	rootObject = 841AAAD01D40B4EC0044F294 /* Project object */;
}
